
Microsoft Visual Studio Solution File, Format Version 12.00
# Visual Studio Version 17
VisualStudioVersion = 17.10.34928.147
MinimumVisualStudioVersion = 10.0.40219.1
Project("{FAE04EC0-301F-11D3-BF4B-00C04F79EFBC}") = "LibraryManagementModels", "LibraryManagementModels\LibraryManagementModels.csproj", "{3D275FA9-8079-4426-8BD5-1E5881E6C223}"
EndProject
Global
	GlobalSection(SolutionConfigurationPlatforms) = preSolution
		Debug|Any CPU = Debug|Any CPU
		Release|Any CPU = Release|Any CPU
	EndGlobalSection
	GlobalSection(ProjectConfigurationPlatforms) = postSolution
		{3D275FA9-8079-4426-8BD5-1E5881E6C223}.Debug|Any CPU.ActiveCfg = Debug|Any CPU
		{3D275FA9-8079-4426-8BD5-1E5881E6C223}.Debug|Any CPU.Build.0 = Debug|Any CPU
		{3D275FA9-8079-4426-8BD5-1E5881E6C223}.Release|Any CPU.ActiveCfg = Release|Any CPU
		{3D275FA9-8079-4426-8BD5-1E5881E6C223}.Release|Any CPU.Build.0 = Release|Any CPU
	EndGlobalSection
	GlobalSection(SolutionProperties) = preSolution
		HideSolutionNode = FALSE
	EndGlobalSection
	GlobalSection(ExtensibilityGlobals) = postSolution
		SolutionGuid = {CCCD0D1A-ACF8-446E-A1F5-1CD63F45356F}
	EndGlobalSection
EndGlobal
